
Microsoft Visual Studio Solution File, Format Version 12.00
# Visual Studio Version 17
VisualStudioVersion = 17.2.32630.192
MinimumVisualStudioVersion = 10.0.40219.1
Project("{FAE04EC0-301F-11D3-BF4B-00C04F79EFBC}") = "StaticExercise", "StaticExercise\StaticExercise.csproj", "{E343BCBE-9704-43CA-9FAE-6605BD6A7A2D}"
EndProject
Global
	GlobalSection(SolutionConfigurationPlatforms) = preSolution
		Debug|Any CPU = Debug|Any CPU
		Release|Any CPU = Release|Any CPU
	EndGlobalSection
	GlobalSection(ProjectConfigurationPlatforms) = postSolution
		{E343BCBE-9704-43CA-9FAE-6605BD6A7A2D}.Debug|Any CPU.ActiveCfg = Debug|Any CPU
		{E343BCBE-9704-43CA-9FAE-6605BD6A7A2D}.Debug|Any CPU.Build.0 = Debug|Any CPU
		{E343BCBE-9704-43CA-9FAE-6605BD6A7A2D}.Release|Any CPU.ActiveCfg = Release|Any CPU
		{E343BCBE-9704-43CA-9FAE-6605BD6A7A2D}.Release|Any CPU.Build.0 = Release|Any CPU
	EndGlobalSection
	GlobalSection(SolutionProperties) = preSolution
		HideSolutionNode = FALSE
	EndGlobalSection
	GlobalSection(ExtensibilityGlobals) = postSolution
		SolutionGuid = {95B9DC58-B1EB-43A7-8F54-8A02ACEA3A32}
	EndGlobalSection
EndGlobal
